
Microsoft Visual Studio Solution File, Format Version 12.00
# Visual Studio Version 16
VisualStudioVersion = 16.0.31624.102
MinimumVisualStudioVersion = 10.0.40219.1
Project("{9A19103F-16F7-4668-BE54-9A1E7A4F7556}") = "ConsoleApp2", "ConsoleApp2\ConsoleApp2.csproj", "{38B8F5A7-E287-4C2B-83D4-F619E1159583}"
EndProject
Project("{2150E333-8FDC-42A3-9474-1A3956D46DE8}") = "Solution Items", "Solution Items", "{38FB3835-4983-484F-BD0D-B3A9F43C15AD}"
	ProjectSection(SolutionItems) = preProject
		Class1.cs = Class1.cs
		Class2.cs = Class2.cs
	EndProjectSection
EndProject
Global
	GlobalSection(SolutionConfigurationPlatforms) = preSolution
		Debug|Any CPU = Debug|Any CPU
		Release|Any CPU = Release|Any CPU
	EndGlobalSection
	GlobalSection(ProjectConfigurationPlatforms) = postSolution
		{38B8F5A7-E287-4C2B-83D4-F619E1159583}.Debug|Any CPU.ActiveCfg = Debug|Any CPU
		{38B8F5A7-E287-4C2B-83D4-F619E1159583}.Debug|Any CPU.Build.0 = Debug|Any CPU
		{38B8F5A7-E287-4C2B-83D4-F619E1159583}.Release|Any CPU.ActiveCfg = Release|Any CPU
		{38B8F5A7-E287-4C2B-83D4-F619E1159583}.Release|Any CPU.Build.0 = Release|Any CPU
	EndGlobalSection
	GlobalSection(SolutionProperties) = preSolution
		HideSolutionNode = FALSE
	EndGlobalSection
	GlobalSection(ExtensibilityGlobals) = postSolution
		SolutionGuid = {3996A4E1-33AD-4FFB-8CB2-B2D750B0CD80}
	EndGlobalSection
EndGlobal
